
Microsoft Visual Studio Solution File, Format Version 12.00
# Visual Studio Version 17
VisualStudioVersion = 17.0.31919.166
MinimumVisualStudioVersion = 10.0.40219.1
Project("{FAE04EC0-301F-11D3-BF4B-00C04F79EFBC}") = "ScratchSAML", "ScratchSAML.csproj", "{C3B4F397-30A9-4EC8-B67A-D92B15901555}"
EndProject
Global
	GlobalSection(SolutionConfigurationPlatforms) = preSolution
		Debug|Any CPU = Debug|Any CPU
		Release|Any CPU = Release|Any CPU
	EndGlobalSection
	GlobalSection(ProjectConfigurationPlatforms) = postSolution
		{C3B4F397-30A9-4EC8-B67A-D92B15901555}.Debug|Any CPU.ActiveCfg = Debug|Any CPU
		{C3B4F397-30A9-4EC8-B67A-D92B15901555}.Debug|Any CPU.Build.0 = Debug|Any CPU
		{C3B4F397-30A9-4EC8-B67A-D92B15901555}.Release|Any CPU.ActiveCfg = Release|Any CPU
		{C3B4F397-30A9-4EC8-B67A-D92B15901555}.Release|Any CPU.Build.0 = Release|Any CPU
	EndGlobalSection
	GlobalSection(SolutionProperties) = preSolution
		HideSolutionNode = FALSE
	EndGlobalSection
	GlobalSection(ExtensibilityGlobals) = postSolution
		SolutionGuid = {426392AE-3107-4644-9B00-516345C6104F}
	EndGlobalSection
EndGlobal
